// !$*UTF8*$!
{
	archiveVersion = 1;
	classes = {
	};
	objectVersion = 50;
	objects = {

/* Begin PBXBuildFile section */

		178BD9B42176334800763665 /* User.swift in Sources */ = {isa = PBXBuildFile; fileRef = 178BD9B32176334800763665 /* User.swift */; };
		178BD9B6217633D500763665 /* Badge.swift in Sources */ = {isa = PBXBuildFile; fileRef = 178BD9B5217633D500763665 /* Badge.swift */; };
		178BD9B821763A1600763665 /* EditProfileTableViewController.swift in Sources */ = {isa = PBXBuildFile; fileRef = 178BD9B721763A1600763665 /* EditProfileTableViewController.swift */; };
		302604482176381900365B4D /* InterestPoint.swift in Sources */ = {isa = PBXBuildFile; fileRef = 302604472176381900365B4D /* InterestPoint.swift */; };
		303C64B62174ED5C00AFB35B /* MapListTableViewController.swift in Sources */ = {isa = PBXBuildFile; fileRef = 303C64B52174ED5C00AFB35B /* MapListTableViewController.swift */; };
		303C64B82174ED8900AFB35B /* MapViewController.swift in Sources */ = {isa = PBXBuildFile; fileRef = 303C64B72174ED8900AFB35B /* MapViewController.swift */; };
		303C64BA2174EDB500AFB35B /* NearMeViewController.swift in Sources */ = {isa = PBXBuildFile; fileRef = 303C64B92174EDB500AFB35B /* NearMeViewController.swift */; };
		DE2E22932170E7A600B8CB06 /* AppDelegate.swift in Sources */ = {isa = PBXBuildFile; fileRef = DE2E22922170E7A600B8CB06 /* AppDelegate.swift */; };
		DE2E22952170E7A600B8CB06 /* FirstViewController.swift in Sources */ = {isa = PBXBuildFile; fileRef = DE2E22942170E7A600B8CB06 /* FirstViewController.swift */; };
		DE2E22972170E7A600B8CB06 /* SecondViewController.swift in Sources */ = {isa = PBXBuildFile; fileRef = DE2E22962170E7A600B8CB06 /* SecondViewController.swift */; };
		DE2E229A2170E7A600B8CB06 /* Main.storyboard in Resources */ = {isa = PBXBuildFile; fileRef = DE2E22982170E7A600B8CB06 /* Main.storyboard */; };
		DE2E229C2170E7A700B8CB06 /* Assets.xcassets in Resources */ = {isa = PBXBuildFile; fileRef = DE2E229B2170E7A700B8CB06 /* Assets.xcassets */; };
		DE2E229F2170E7A700B8CB06 /* LaunchScreen.storyboard in Resources */ = {isa = PBXBuildFile; fileRef = DE2E229D2170E7A700B8CB06 /* LaunchScreen.storyboard */; };
		DE2E22AA2170ED4600B8CB06 /* Missions.storyboard in Resources */ = {isa = PBXBuildFile; fileRef = DE2E22A82170ED4600B8CB06 /* Missions.storyboard */; };
		DE2E22AC2170F02D00B8CB06 /* Footprint.storyboard in Resources */ = {isa = PBXBuildFile; fileRef = DE2E22AB2170F02D00B8CB06 /* Footprint.storyboard */; };
		DE2E22AE2170F11B00B8CB06 /* Ideas.storyboard in Resources */ = {isa = PBXBuildFile; fileRef = DE2E22AD2170F11B00B8CB06 /* Ideas.storyboard */; };
		DE2E22B12170F18E00B8CB06 /* NearMe.storyboard in Resources */ = {isa = PBXBuildFile; fileRef = DE2E22AF2170F18E00B8CB06 /* NearMe.storyboard */; };
		DE2E22B32170F20200B8CB06 /* Profile.storyboard in Resources */ = {isa = PBXBuildFile; fileRef = DE2E22B22170F20200B8CB06 /* Profile.storyboard */; };
		DE3813B9217651FD00613F55 /* MissionsTableViewController.swift in Sources */ = {isa = PBXBuildFile; fileRef = DE3813B8217651FD00613F55 /* MissionsTableViewController.swift */; };
		DE3813BC217652D800613F55 /* ChallengesTableViewController.swift in Sources */ = {isa = PBXBuildFile; fileRef = DE3813BB217652D800613F55 /* ChallengesTableViewController.swift */; };
		DE3813BE2176530D00613F55 /* SuperChallengeTableViewController.swift in Sources */ = {isa = PBXBuildFile; fileRef = DE3813BD2176530D00613F55 /* SuperChallengeTableViewController.swift */; };
		DE3813C02176535B00613F55 /* ProgressTableViewController.swift in Sources */ = {isa = PBXBuildFile; fileRef = DE3813BF2176535B00613F55 /* ProgressTableViewController.swift */; };
		DE3813C22176539700613F55 /* ChallengeDetailTableViewController.swift in Sources */ = {isa = PBXBuildFile; fileRef = DE3813C12176539700613F55 /* ChallengeDetailTableViewController.swift */; };
		DE3813C52176637200613F55 /* Challenges.json in Resources */ = {isa = PBXBuildFile; fileRef = DE3813C42176637200613F55 /* Challenges.json */; };
		DE3813C82176774F00613F55 /* GenericDecoder.swift in Sources */ = {isa = PBXBuildFile; fileRef = DE3813C72176774F00613F55 /* GenericDecoder.swift */; };
		DE3813CA2176857800613F55 /* ChallengeCell.swift in Sources */ = {isa = PBXBuildFile; fileRef = DE3813C92176857800613F55 /* ChallengeCell.swift */; };
		DE3813CC21768C4F00613F55 /* Media.xcassets in Resources */ = {isa = PBXBuildFile; fileRef = DE3813CB21768C4F00613F55 /* Media.xcassets */; };
		DEC8CB3621763FF1005C6FB4 /* Mission.swift in Sources */ = {isa = PBXBuildFile; fileRef = DEC8CB3521763FF1005C6FB4 /* Mission.swift */; };
		DEC8CB38217642FE005C6FB4 /* Challenge.swift in Sources */ = {isa = PBXBuildFile; fileRef = DEC8CB37217642FE005C6FB4 /* Challenge.swift */; };
		DEC8CB3A21764335005C6FB4 /* SuperChallenge.swift in Sources */ = {isa = PBXBuildFile; fileRef = DEC8CB3921764335005C6FB4 /* SuperChallenge.swift */; };
		DEC8CB3C217643BD005C6FB4 /* Progress.swift in Sources */ = {isa = PBXBuildFile; fileRef = DEC8CB3B217643BD005C6FB4 /* Progress.swift */; };
		DEF81E962170F9C000006476 /* ProfileTableViewController.swift in Sources */ = {isa = PBXBuildFile; fileRef = DEF81E952170F9C000006476 /* ProfileTableViewController.swift */; };
/* End PBXBuildFile section */

/* Begin PBXFileReference section */

		178BD9B32176334800763665 /* User.swift */ = {isa = PBXFileReference; lastKnownFileType = sourcecode.swift; name = User.swift; path = Plasticless/Profile/Models/User.swift; sourceTree = SOURCE_ROOT; };
		178BD9B5217633D500763665 /* Badge.swift */ = {isa = PBXFileReference; lastKnownFileType = sourcecode.swift; name = Badge.swift; path = Plasticless/Profile/Models/Badge.swift; sourceTree = SOURCE_ROOT; };
		178BD9B721763A1600763665 /* EditProfileTableViewController.swift */ = {isa = PBXFileReference; lastKnownFileType = sourcecode.swift; path = EditProfileTableViewController.swift; sourceTree = "<group>"; };
		302604472176381900365B4D /* InterestPoint.swift */ = {isa = PBXFileReference; lastKnownFileType = sourcecode.swift; path = InterestPoint.swift; sourceTree = "<group>"; };
		303C64B52174ED5C00AFB35B /* MapListTableViewController.swift */ = {isa = PBXFileReference; lastKnownFileType = sourcecode.swift; path = MapListTableViewController.swift; sourceTree = "<group>"; };
		303C64B72174ED8900AFB35B /* MapViewController.swift */ = {isa = PBXFileReference; lastKnownFileType = sourcecode.swift; path = MapViewController.swift; sourceTree = "<group>"; };
		303C64B92174EDB500AFB35B /* NearMeViewController.swift */ = {isa = PBXFileReference; lastKnownFileType = sourcecode.swift; path = NearMeViewController.swift; sourceTree = "<group>"; };
		DE2E228F2170E7A600B8CB06 /* Plasticless.app */ = {isa = PBXFileReference; explicitFileType = wrapper.application; includeInIndex = 0; path = Plasticless.app; sourceTree = BUILT_PRODUCTS_DIR; };
		DE2E22922170E7A600B8CB06 /* AppDelegate.swift */ = {isa = PBXFileReference; lastKnownFileType = sourcecode.swift; path = AppDelegate.swift; sourceTree = "<group>"; };
		DE2E22942170E7A600B8CB06 /* FirstViewController.swift */ = {isa = PBXFileReference; lastKnownFileType = sourcecode.swift; path = FirstViewController.swift; sourceTree = "<group>"; };
		DE2E22962170E7A600B8CB06 /* SecondViewController.swift */ = {isa = PBXFileReference; lastKnownFileType = sourcecode.swift; path = SecondViewController.swift; sourceTree = "<group>"; };
		DE2E22992170E7A600B8CB06 /* Base */ = {isa = PBXFileReference; lastKnownFileType = file.storyboard; name = Base; path = Base.lproj/Main.storyboard; sourceTree = "<group>"; };
		DE2E229B2170E7A700B8CB06 /* Assets.xcassets */ = {isa = PBXFileReference; lastKnownFileType = folder.assetcatalog; path = Assets.xcassets; sourceTree = "<group>"; };
		DE2E229E2170E7A700B8CB06 /* Base */ = {isa = PBXFileReference; lastKnownFileType = file.storyboard; name = Base; path = Base.lproj/LaunchScreen.storyboard; sourceTree = "<group>"; };
		DE2E22A02170E7A700B8CB06 /* Info.plist */ = {isa = PBXFileReference; lastKnownFileType = text.plist.xml; path = Info.plist; sourceTree = "<group>"; };
		DE2E22A92170ED4600B8CB06 /* Base */ = {isa = PBXFileReference; lastKnownFileType = file.storyboard; name = Base; path = Plasticless/Base.lproj/Missions.storyboard; sourceTree = "<group>"; };
		DE2E22AB2170F02D00B8CB06 /* Footprint.storyboard */ = {isa = PBXFileReference; fileEncoding = 4; lastKnownFileType = file.storyboard; path = Footprint.storyboard; sourceTree = "<group>"; };
		DE2E22AD2170F11B00B8CB06 /* Ideas.storyboard */ = {isa = PBXFileReference; fileEncoding = 4; lastKnownFileType = file.storyboard; path = Ideas.storyboard; sourceTree = "<group>"; };
		DE2E22B02170F18E00B8CB06 /* Base */ = {isa = PBXFileReference; lastKnownFileType = file.storyboard; name = Base; path = Plasticless/Base.lproj/NearMe.storyboard; sourceTree = "<group>"; };
		DE2E22B22170F20200B8CB06 /* Profile.storyboard */ = {isa = PBXFileReference; fileEncoding = 4; lastKnownFileType = file.storyboard; path = Profile.storyboard; sourceTree = "<group>"; };
		DE3813B8217651FD00613F55 /* MissionsTableViewController.swift */ = {isa = PBXFileReference; lastKnownFileType = sourcecode.swift; path = MissionsTableViewController.swift; sourceTree = "<group>"; };
		DE3813BB217652D800613F55 /* ChallengesTableViewController.swift */ = {isa = PBXFileReference; lastKnownFileType = sourcecode.swift; path = ChallengesTableViewController.swift; sourceTree = "<group>"; };
		DE3813BD2176530D00613F55 /* SuperChallengeTableViewController.swift */ = {isa = PBXFileReference; lastKnownFileType = sourcecode.swift; path = SuperChallengeTableViewController.swift; sourceTree = "<group>"; };
		DE3813BF2176535B00613F55 /* ProgressTableViewController.swift */ = {isa = PBXFileReference; lastKnownFileType = sourcecode.swift; path = ProgressTableViewController.swift; sourceTree = "<group>"; };
		DE3813C12176539700613F55 /* ChallengeDetailTableViewController.swift */ = {isa = PBXFileReference; lastKnownFileType = sourcecode.swift; path = ChallengeDetailTableViewController.swift; sourceTree = "<group>"; };
		DE3813C42176637200613F55 /* Challenges.json */ = {isa = PBXFileReference; lastKnownFileType = text.json; path = Challenges.json; sourceTree = "<group>"; };
		DE3813C72176774F00613F55 /* GenericDecoder.swift */ = {isa = PBXFileReference; lastKnownFileType = sourcecode.swift; path = GenericDecoder.swift; sourceTree = "<group>"; };
		DE3813C92176857800613F55 /* ChallengeCell.swift */ = {isa = PBXFileReference; lastKnownFileType = sourcecode.swift; path = ChallengeCell.swift; sourceTree = "<group>"; };
		DE3813CB21768C4F00613F55 /* Media.xcassets */ = {isa = PBXFileReference; lastKnownFileType = folder.assetcatalog; path = Media.xcassets; sourceTree = "<group>"; };
		DEC8CB3521763FF1005C6FB4 /* Mission.swift */ = {isa = PBXFileReference; lastKnownFileType = sourcecode.swift; path = Mission.swift; sourceTree = "<group>"; };
		DEC8CB37217642FE005C6FB4 /* Challenge.swift */ = {isa = PBXFileReference; lastKnownFileType = sourcecode.swift; path = Challenge.swift; sourceTree = "<group>"; };
		DEC8CB3921764335005C6FB4 /* SuperChallenge.swift */ = {isa = PBXFileReference; lastKnownFileType = sourcecode.swift; path = SuperChallenge.swift; sourceTree = "<group>"; };
		DEC8CB3B217643BD005C6FB4 /* Progress.swift */ = {isa = PBXFileReference; lastKnownFileType = sourcecode.swift; path = Progress.swift; sourceTree = "<group>"; };
		DEF81E952170F9C000006476 /* ProfileTableViewController.swift */ = {isa = PBXFileReference; lastKnownFileType = sourcecode.swift; path = ProfileTableViewController.swift; sourceTree = "<group>"; };
/* End PBXFileReference section */

/* Begin PBXFrameworksBuildPhase section */
		DE2E228C2170E7A600B8CB06 /* Frameworks */ = {
			isa = PBXFrameworksBuildPhase;
			buildActionMask = 2147483647;
			files = (
			);
			runOnlyForDeploymentPostprocessing = 0;
		};
/* End PBXFrameworksBuildPhase section */

/* Begin PBXGroup section */

		1788244F21776241000D033B /* Models */ = {
			isa = PBXGroup;
			children = (
				178BD9B32176334800763665 /* User.swift */,
				178BD9B5217633D500763665 /* Badge.swift */,
		303C64B22174D39400AFB35B /* Views */ = {
			isa = PBXGroup;
			children = (
				DE2E22AF2170F18E00B8CB06 /* NearMe.storyboard */,
			);
			path = Views;
			sourceTree = "<group>";
		};
		303C64B32174D39E00AFB35B /* Controllers */ = {
			isa = PBXGroup;
			children = (
				303C64B52174ED5C00AFB35B /* MapListTableViewController.swift */,
				303C64B72174ED8900AFB35B /* MapViewController.swift */,
				303C64B92174EDB500AFB35B /* NearMeViewController.swift */,
			);
			path = Controllers;
			sourceTree = "<group>";
		};
		303C64B42174D3A900AFB35B /* Models */ = {
			isa = PBXGroup;
			children = (
				302604472176381900365B4D /* InterestPoint.swift */,
			);
			path = Models;
			sourceTree = "<group>";
		};
		DE2E22862170E7A600B8CB06 = {
			isa = PBXGroup;
			children = (
				DE2E22912170E7A600B8CB06 /* Plasticless */,
				DE2E22902170E7A600B8CB06 /* Products */,
			);
			sourceTree = "<group>";
		};
		DE2E22902170E7A600B8CB06 /* Products */ = {
			isa = PBXGroup;
			children = (
				DE2E228F2170E7A600B8CB06 /* Plasticless.app */,
			);
			name = Products;
			sourceTree = "<group>";
		};
		DE2E22912170E7A600B8CB06 /* Plasticless */ = {
			isa = PBXGroup;
			children = (
				DE2E22B42170F28100B8CB06 /* Ideas */,
				DE2E22B52170F31A00B8CB06 /* NearMe */,
				DE2E22B62170F32300B8CB06 /* Profile */,
				DE2E22B72170F32F00B8CB06 /* Footprint */,
				DE2E22B82170F34700B8CB06 /* Missions */,
				DE2E22922170E7A600B8CB06 /* AppDelegate.swift */,
				DE2E22942170E7A600B8CB06 /* FirstViewController.swift */,
				DE2E22962170E7A600B8CB06 /* SecondViewController.swift */,
				DE2E22982170E7A600B8CB06 /* Main.storyboard */,
				DE2E229B2170E7A700B8CB06 /* Assets.xcassets */,
				DE2E229D2170E7A700B8CB06 /* LaunchScreen.storyboard */,
				DE2E22A02170E7A700B8CB06 /* Info.plist */,
			);
			path = Plasticless;
			sourceTree = "<group>";
		};
		DE2E22B42170F28100B8CB06 /* Ideas */ = {
			isa = PBXGroup;
			children = (
				DE2E22BC2170F39200B8CB06 /* Controllers */,
				DE2E22BB2170F38B00B8CB06 /* Models */,
				DE2E22BA2170F38500B8CB06 /* Views */,
			);
			path = Ideas;
			sourceTree = "<group>";
		};
		DE2E22B52170F31A00B8CB06 /* NearMe */ = {
			isa = PBXGroup;
			children = (
				303C64B42174D3A900AFB35B /* Models */,
				303C64B32174D39E00AFB35B /* Controllers */,
				303C64B22174D39400AFB35B /* Views */,
			);
			path = NearMe;
			sourceTree = "<group>";
		};
		DE2E22B62170F32300B8CB06 /* Profile */ = {
			isa = PBXGroup;
			children = (
				1788244F21776241000D033B /* Models */,
				DE2E22BE2170F66100B8CB06 /* Controllers */,
				DE2E22BD2170F65100B8CB06 /* Views */,
			);
			path = Profile;
			sourceTree = "<group>";
		};
		DE2E22B72170F32F00B8CB06 /* Footprint */ = {
			isa = PBXGroup;
			children = (
				DE2E22AB2170F02D00B8CB06 /* Footprint.storyboard */,
			);
			path = Footprint;
			sourceTree = "<group>";
		};
		DE2E22B82170F34700B8CB06 /* Missions */ = {
			isa = PBXGroup;
			children = (
				DE3813C62176761200613F55 /* Helpers */,
				DE3813C32176620000613F55 /* Resources */,
				DE3813BA2176521100613F55 /* Controllers */,
				DE8685992174D41800B3C035 /* Views */,
				DE8685972174D40000B3C035 /* Models */,
			);
			path = Missions;
			sourceTree = "<group>";
		};
		DE2E22BA2170F38500B8CB06 /* Views */ = {
			isa = PBXGroup;
			children = (
				DE2E22AD2170F11B00B8CB06 /* Ideas.storyboard */,
			);
			path = Views;
			sourceTree = "<group>";
		};
		DE2E22BB2170F38B00B8CB06 /* Models */ = {
			isa = PBXGroup;
			children = (
			);
			path = Models;
			sourceTree = "<group>";
		};
		DE2E22BC2170F39200B8CB06 /* Controllers */ = {
			isa = PBXGroup;
			children = (
			);
			path = Controllers;
			sourceTree = "<group>";
		};
		DE2E22BD2170F65100B8CB06 /* Views */ = {
			isa = PBXGroup;
			children = (
				DE2E22B22170F20200B8CB06 /* Profile.storyboard */,
			);
			path = Views;
			sourceTree = "<group>";
		};
		DE2E22BE2170F66100B8CB06 /* Controllers */ = {
			isa = PBXGroup;
			children = (
				DEF81E952170F9C000006476 /* ProfileTableViewController.swift */,
				178BD9B721763A1600763665 /* EditProfileTableViewController.swift */,
			);
			path = Controllers;
			sourceTree = "<group>";
		};

		DE2E22BF2170F66D00B8CB06 /* Models */ = {
			isa = PBXGroup;
			children = (
			);
			path = Models;
			sourceTree = "<group>";
		};
		DE3813BA2176521100613F55 /* Controllers */ = {
			isa = PBXGroup;
			children = (
				DE3813B8217651FD00613F55 /* MissionsTableViewController.swift */,
				DE3813BB217652D800613F55 /* ChallengesTableViewController.swift */,
				DE3813BD2176530D00613F55 /* SuperChallengeTableViewController.swift */,
				DE3813BF2176535B00613F55 /* ProgressTableViewController.swift */,
				DE3813C12176539700613F55 /* ChallengeDetailTableViewController.swift */,
			);
			path = Controllers;
			sourceTree = "<group>";
		};
		DE3813C32176620000613F55 /* Resources */ = {
			isa = PBXGroup;
			children = (
				DE3813C42176637200613F55 /* Challenges.json */,
				DE3813CB21768C4F00613F55 /* Media.xcassets */,
			);
			path = Resources;
			sourceTree = "<group>";
		};
		DE3813C62176761200613F55 /* Helpers */ = {
			isa = PBXGroup;
			children = (
				DE3813C72176774F00613F55 /* GenericDecoder.swift */,
			);
			path = Helpers;
			sourceTree = "<group>";
		};
		DE8685972174D40000B3C035 /* Models */ = {
			isa = PBXGroup;
			children = (
				DEC8CB3521763FF1005C6FB4 /* Mission.swift */,
				DEC8CB37217642FE005C6FB4 /* Challenge.swift */,
				DEC8CB3921764335005C6FB4 /* SuperChallenge.swift */,
				DEC8CB3B217643BD005C6FB4 /* Progress.swift */,
			);
			path = Models;
			sourceTree = "<group>";
		};
		DE8685992174D41800B3C035 /* Views */ = {
			isa = PBXGroup;
			children = (
				DE2E22A82170ED4600B8CB06 /* Missions.storyboard */,
				DE3813C92176857800613F55 /* ChallengeCell.swift */,
			);
			path = Views;
			sourceTree = "<group>";
		};

/* End PBXGroup section */

/* Begin PBXNativeTarget section */
		DE2E228E2170E7A600B8CB06 /* Plasticless */ = {
			isa = PBXNativeTarget;
			buildConfigurationList = DE2E22A32170E7A700B8CB06 /* Build configuration list for PBXNativeTarget "Plasticless" */;
			buildPhases = (
				DE2E228B2170E7A600B8CB06 /* Sources */,
				DE2E228C2170E7A600B8CB06 /* Frameworks */,
				DE2E228D2170E7A600B8CB06 /* Resources */,
			);
			buildRules = (
			);
			dependencies = (
			);
			name = Plasticless;
			productName = Plasticless;
			productReference = DE2E228F2170E7A600B8CB06 /* Plasticless.app */;
			productType = "com.apple.product-type.application";
		};
/* End PBXNativeTarget section */

/* Begin PBXProject section */
		DE2E22872170E7A600B8CB06 /* Project object */ = {
			isa = PBXProject;
			attributes = {
				LastSwiftUpdateCheck = 1000;
				LastUpgradeCheck = 1000;
				ORGANIZATIONNAME = "Michele Mola";
				TargetAttributes = {
					DE2E228E2170E7A600B8CB06 = {
						CreatedOnToolsVersion = 10.0;
					};
				};
			};
			buildConfigurationList = DE2E228A2170E7A600B8CB06 /* Build configuration list for PBXProject "Plasticless" */;
			compatibilityVersion = "Xcode 9.3";
			developmentRegion = en;
			hasScannedForEncodings = 0;
			knownRegions = (
				en,
				Base,
			);
			mainGroup = DE2E22862170E7A600B8CB06;
			productRefGroup = DE2E22902170E7A600B8CB06 /* Products */;
			projectDirPath = "";
			projectRoot = "";
			targets = (
				DE2E228E2170E7A600B8CB06 /* Plasticless */,
			);
		};
/* End PBXProject section */

/* Begin PBXResourcesBuildPhase section */
		DE2E228D2170E7A600B8CB06 /* Resources */ = {
			isa = PBXResourcesBuildPhase;
			buildActionMask = 2147483647;
			files = (
				DE3813CC21768C4F00613F55 /* Media.xcassets in Resources */,
				DE2E229F2170E7A700B8CB06 /* LaunchScreen.storyboard in Resources */,
				DE3813C52176637200613F55 /* Challenges.json in Resources */,
				DE2E229C2170E7A700B8CB06 /* Assets.xcassets in Resources */,
				DE2E22B32170F20200B8CB06 /* Profile.storyboard in Resources */,
				DE2E229A2170E7A600B8CB06 /* Main.storyboard in Resources */,
				DE2E22B12170F18E00B8CB06 /* NearMe.storyboard in Resources */,
				DE2E22AC2170F02D00B8CB06 /* Footprint.storyboard in Resources */,
				DE2E22AA2170ED4600B8CB06 /* Missions.storyboard in Resources */,
				DE2E22AE2170F11B00B8CB06 /* Ideas.storyboard in Resources */,
			);
			runOnlyForDeploymentPostprocessing = 0;
		};
/* End PBXResourcesBuildPhase section */

/* Begin PBXSourcesBuildPhase section */
		DE2E228B2170E7A600B8CB06 /* Sources */ = {
			isa = PBXSourcesBuildPhase;
			buildActionMask = 2147483647;
			files = (
				DE3813C82176774F00613F55 /* GenericDecoder.swift in Sources */,
				DE2E22972170E7A600B8CB06 /* SecondViewController.swift in Sources */,

				178BD9B821763A1600763665 /* EditProfileTableViewController.swift in Sources */,
				178BD9B6217633D500763665 /* Badge.swift in Sources */,
				178BD9B42176334800763665 /* User.swift in Sources */,
				303C64B82174ED8900AFB35B /* MapViewController.swift in Sources */,
				303C64B62174ED5C00AFB35B /* MapListTableViewController.swift in Sources */,
				303C64BA2174EDB500AFB35B /* NearMeViewController.swift in Sources */,
				DE3813BE2176530D00613F55 /* SuperChallengeTableViewController.swift in Sources */,
				DEC8CB38217642FE005C6FB4 /* Challenge.swift in Sources */,
				DEC8CB3A21764335005C6FB4 /* SuperChallenge.swift in Sources */,
				DE3813BC217652D800613F55 /* ChallengesTableViewController.swift in Sources */,
				DE2E22932170E7A600B8CB06 /* AppDelegate.swift in Sources */,
				DE3813B9217651FD00613F55 /* MissionsTableViewController.swift in Sources */,
				DEF81E962170F9C000006476 /* ProfileTableViewController.swift in Sources */,
				302604482176381900365B4D /* InterestPoint.swift in Sources */,
				DE3813C22176539700613F55 /* ChallengeDetailTableViewController.swift in Sources */,
				DE3813CA2176857800613F55 /* ChallengeCell.swift in Sources */,
				DE3813C02176535B00613F55 /* ProgressTableViewController.swift in Sources */,
				DEC8CB3621763FF1005C6FB4 /* Mission.swift in Sources */,
				DEC8CB3C217643BD005C6FB4 /* Progress.swift in Sources */,
				DE2E22952170E7A600B8CB06 /* FirstViewController.swift in Sources */,
			);
			runOnlyForDeploymentPostprocessing = 0;
		};
/* End PBXSourcesBuildPhase section */

/* Begin PBXVariantGroup section */
		DE2E22982170E7A600B8CB06 /* Main.storyboard */ = {
			isa = PBXVariantGroup;
			children = (
				DE2E22992170E7A600B8CB06 /* Base */,
			);
			name = Main.storyboard;
			sourceTree = "<group>";
		};
		DE2E229D2170E7A700B8CB06 /* LaunchScreen.storyboard */ = {
			isa = PBXVariantGroup;
			children = (
				DE2E229E2170E7A700B8CB06 /* Base */,
			);
			name = LaunchScreen.storyboard;
			sourceTree = "<group>";
		};
		DE2E22A82170ED4600B8CB06 /* Missions.storyboard */ = {
			isa = PBXVariantGroup;
			children = (
				DE2E22A92170ED4600B8CB06 /* Base */,
			);
			name = Missions.storyboard;
			sourceTree = "<group>";
		};
		DE2E22AF2170F18E00B8CB06 /* NearMe.storyboard */ = {
			isa = PBXVariantGroup;
			children = (
				DE2E22B02170F18E00B8CB06 /* Base */,
			);
			name = NearMe.storyboard;
			sourceTree = "<group>";
		};
/* End PBXVariantGroup section */

/* Begin XCBuildConfiguration section */
		DE2E22A12170E7A700B8CB06 /* Debug */ = {
			isa = XCBuildConfiguration;
			buildSettings = {
				ALWAYS_SEARCH_USER_PATHS = NO;
				CLANG_ANALYZER_NONNULL = YES;
				CLANG_ANALYZER_NUMBER_OBJECT_CONVERSION = YES_AGGRESSIVE;
				CLANG_CXX_LANGUAGE_STANDARD = "gnu++14";
				CLANG_CXX_LIBRARY = "libc++";
				CLANG_ENABLE_MODULES = YES;
				CLANG_ENABLE_OBJC_ARC = YES;
				CLANG_ENABLE_OBJC_WEAK = YES;
				CLANG_WARN_BLOCK_CAPTURE_AUTORELEASING = YES;
				CLANG_WARN_BOOL_CONVERSION = YES;
				CLANG_WARN_COMMA = YES;
				CLANG_WARN_CONSTANT_CONVERSION = YES;
				CLANG_WARN_DEPRECATED_OBJC_IMPLEMENTATIONS = YES;
				CLANG_WARN_DIRECT_OBJC_ISA_USAGE = YES_ERROR;
				CLANG_WARN_DOCUMENTATION_COMMENTS = YES;
				CLANG_WARN_EMPTY_BODY = YES;
				CLANG_WARN_ENUM_CONVERSION = YES;
				CLANG_WARN_INFINITE_RECURSION = YES;
				CLANG_WARN_INT_CONVERSION = YES;
				CLANG_WARN_NON_LITERAL_NULL_CONVERSION = YES;
				CLANG_WARN_OBJC_IMPLICIT_RETAIN_SELF = YES;
				CLANG_WARN_OBJC_LITERAL_CONVERSION = YES;
				CLANG_WARN_OBJC_ROOT_CLASS = YES_ERROR;
				CLANG_WARN_RANGE_LOOP_ANALYSIS = YES;
				CLANG_WARN_STRICT_PROTOTYPES = YES;
				CLANG_WARN_SUSPICIOUS_MOVE = YES;
				CLANG_WARN_UNGUARDED_AVAILABILITY = YES_AGGRESSIVE;
				CLANG_WARN_UNREACHABLE_CODE = YES;
				CLANG_WARN__DUPLICATE_METHOD_MATCH = YES;
				CODE_SIGN_IDENTITY = "iPhone Developer";
				COPY_PHASE_STRIP = NO;
				DEBUG_INFORMATION_FORMAT = dwarf;
				ENABLE_STRICT_OBJC_MSGSEND = YES;
				ENABLE_TESTABILITY = YES;
				GCC_C_LANGUAGE_STANDARD = gnu11;
				GCC_DYNAMIC_NO_PIC = NO;
				GCC_NO_COMMON_BLOCKS = YES;
				GCC_OPTIMIZATION_LEVEL = 0;
				GCC_PREPROCESSOR_DEFINITIONS = (
					"DEBUG=1",
					"$(inherited)",
				);
				GCC_WARN_64_TO_32_BIT_CONVERSION = YES;
				GCC_WARN_ABOUT_RETURN_TYPE = YES_ERROR;
				GCC_WARN_UNDECLARED_SELECTOR = YES;
				GCC_WARN_UNINITIALIZED_AUTOS = YES_AGGRESSIVE;
				GCC_WARN_UNUSED_FUNCTION = YES;
				GCC_WARN_UNUSED_VARIABLE = YES;
				IPHONEOS_DEPLOYMENT_TARGET = 12.0;
				MTL_ENABLE_DEBUG_INFO = INCLUDE_SOURCE;
				MTL_FAST_MATH = YES;
				ONLY_ACTIVE_ARCH = YES;
				SDKROOT = iphoneos;
				SWIFT_ACTIVE_COMPILATION_CONDITIONS = DEBUG;
				SWIFT_OPTIMIZATION_LEVEL = "-Onone";
			};
			name = Debug;
		};
		DE2E22A22170E7A700B8CB06 /* Release */ = {
			isa = XCBuildConfiguration;
			buildSettings = {
				ALWAYS_SEARCH_USER_PATHS = NO;
				CLANG_ANALYZER_NONNULL = YES;
				CLANG_ANALYZER_NUMBER_OBJECT_CONVERSION = YES_AGGRESSIVE;
				CLANG_CXX_LANGUAGE_STANDARD = "gnu++14";
				CLANG_CXX_LIBRARY = "libc++";
				CLANG_ENABLE_MODULES = YES;
				CLANG_ENABLE_OBJC_ARC = YES;
				CLANG_ENABLE_OBJC_WEAK = YES;
				CLANG_WARN_BLOCK_CAPTURE_AUTORELEASING = YES;
				CLANG_WARN_BOOL_CONVERSION = YES;
				CLANG_WARN_COMMA = YES;
				CLANG_WARN_CONSTANT_CONVERSION = YES;
				CLANG_WARN_DEPRECATED_OBJC_IMPLEMENTATIONS = YES;
				CLANG_WARN_DIRECT_OBJC_ISA_USAGE = YES_ERROR;
				CLANG_WARN_DOCUMENTATION_COMMENTS = YES;
				CLANG_WARN_EMPTY_BODY = YES;
				CLANG_WARN_ENUM_CONVERSION = YES;
				CLANG_WARN_INFINITE_RECURSION = YES;
				CLANG_WARN_INT_CONVERSION = YES;
				CLANG_WARN_NON_LITERAL_NULL_CONVERSION = YES;
				CLANG_WARN_OBJC_IMPLICIT_RETAIN_SELF = YES;
				CLANG_WARN_OBJC_LITERAL_CONVERSION = YES;
				CLANG_WARN_OBJC_ROOT_CLASS = YES_ERROR;
				CLANG_WARN_RANGE_LOOP_ANALYSIS = YES;
				CLANG_WARN_STRICT_PROTOTYPES = YES;
				CLANG_WARN_SUSPICIOUS_MOVE = YES;
				CLANG_WARN_UNGUARDED_AVAILABILITY = YES_AGGRESSIVE;
				CLANG_WARN_UNREACHABLE_CODE = YES;
				CLANG_WARN__DUPLICATE_METHOD_MATCH = YES;
				CODE_SIGN_IDENTITY = "iPhone Developer";
				COPY_PHASE_STRIP = NO;
				DEBUG_INFORMATION_FORMAT = "dwarf-with-dsym";
				ENABLE_NS_ASSERTIONS = NO;
				ENABLE_STRICT_OBJC_MSGSEND = YES;
				GCC_C_LANGUAGE_STANDARD = gnu11;
				GCC_NO_COMMON_BLOCKS = YES;
				GCC_WARN_64_TO_32_BIT_CONVERSION = YES;
				GCC_WARN_ABOUT_RETURN_TYPE = YES_ERROR;
				GCC_WARN_UNDECLARED_SELECTOR = YES;
				GCC_WARN_UNINITIALIZED_AUTOS = YES_AGGRESSIVE;
				GCC_WARN_UNUSED_FUNCTION = YES;
				GCC_WARN_UNUSED_VARIABLE = YES;
				IPHONEOS_DEPLOYMENT_TARGET = 12.0;
				MTL_ENABLE_DEBUG_INFO = NO;
				MTL_FAST_MATH = YES;
				SDKROOT = iphoneos;
				SWIFT_COMPILATION_MODE = wholemodule;
				SWIFT_OPTIMIZATION_LEVEL = "-O";
				VALIDATE_PRODUCT = YES;
			};
			name = Release;
		};
		DE2E22A42170E7A700B8CB06 /* Debug */ = {
			isa = XCBuildConfiguration;
			buildSettings = {
				ASSETCATALOG_COMPILER_APPICON_NAME = AppIcon;
				CODE_SIGN_STYLE = Automatic;
				DEVELOPMENT_TEAM = 4F55VCB57F;
				INFOPLIST_FILE = Plasticless/Info.plist;
				LD_RUNPATH_SEARCH_PATHS = (
					"$(inherited)",
					"@executable_path/Frameworks",
				);
				PRODUCT_BUNDLE_IDENTIFIER = michelemola.Plasticless;
				PRODUCT_NAME = "$(TARGET_NAME)";
				SWIFT_VERSION = 4.2;
				TARGETED_DEVICE_FAMILY = "1,2";
			};
			name = Debug;
		};
		DE2E22A52170E7A700B8CB06 /* Release */ = {
			isa = XCBuildConfiguration;
			buildSettings = {
				ASSETCATALOG_COMPILER_APPICON_NAME = AppIcon;
				CODE_SIGN_STYLE = Automatic;
				DEVELOPMENT_TEAM = 4F55VCB57F;
				INFOPLIST_FILE = Plasticless/Info.plist;
				LD_RUNPATH_SEARCH_PATHS = (
					"$(inherited)",
					"@executable_path/Frameworks",
				);
				PRODUCT_BUNDLE_IDENTIFIER = michelemola.Plasticless;
				PRODUCT_NAME = "$(TARGET_NAME)";
				SWIFT_VERSION = 4.2;
				TARGETED_DEVICE_FAMILY = "1,2";
			};
			name = Release;
		};
/* End XCBuildConfiguration section */

/* Begin XCConfigurationList section */
		DE2E228A2170E7A600B8CB06 /* Build configuration list for PBXProject "Plasticless" */ = {
			isa = XCConfigurationList;
			buildConfigurations = (
				DE2E22A12170E7A700B8CB06 /* Debug */,
				DE2E22A22170E7A700B8CB06 /* Release */,
			);
			defaultConfigurationIsVisible = 0;
			defaultConfigurationName = Release;
		};
		DE2E22A32170E7A700B8CB06 /* Build configuration list for PBXNativeTarget "Plasticless" */ = {
			isa = XCConfigurationList;
			buildConfigurations = (
				DE2E22A42170E7A700B8CB06 /* Debug */,
				DE2E22A52170E7A700B8CB06 /* Release */,
			);
			defaultConfigurationIsVisible = 0;
			defaultConfigurationName = Release;
		};
/* End XCConfigurationList section */
	};
	rootObject = DE2E22872170E7A600B8CB06 /* Project object */;
}
